{
  "name": "npm-transitive-fixture",
  "version": "1.0.0",
  "lockfileVersion": 3,
  "requires": true,
  "packages": {
    "": {
      "name": "npm-transitive-fixture",
      "version": "1.0.0",
      "dependencies": {
        "tar": "4.4.0"
      }
    },
    "node_modules/tar": {
      "version": "4.4.0",
      "dependencies": {
        "mkdirp": "^0.5.0"
      }
    },
    "node_modules/mkdirp": {
      "version": "0.5.1",
      "dependencies": {
        "minimist": "^1.2.0"
      }
    },
    "node_modules/minimist": {
      "version": "1.2.0"
    }
  }
}
